
Microsoft Visual Studio Solution File, Format Version 12.00
# Visual Studio Version 17
VisualStudioVersion = 17.0.31612.314
MinimumVisualStudioVersion = 10.0.40219.1
Project("{9A19103F-16F7-4668-BE54-9A1E7A4F7556}") = "DicingBlade", "DicingBlade\DicingBlade.csproj", "{ADB02AFF-239E-4B37-B9F3-282D1503104E}"
EndProject
Project("{9A19103F-16F7-4668-BE54-9A1E7A4F7556}") = "DicingBladeTests", "DicingBladeTests\DicingBladeTests.csproj", "{D5A0B6F2-F1BF-4C85-B7CD-9105A8198057}"
EndProject
Project("{2150E333-8FDC-42A3-9474-1A3956D46DE8}") = "Solution Items", "Solution Items", "{A50488E4-D249-4857-B543-37FB703780D7}"
	ProjectSection(SolutionItems) = preProject
		.editorconfig = .editorconfig
	EndProjectSection
EndProject
Project("{9A19103F-16F7-4668-BE54-9A1E7A4F7556}") = "MachineControlsLibrary", "MachineControlsLibrary\MachineControlsLibrary.csproj", "{C136AE1D-B74F-4D39-8E21-BF35DC602A40}"
EndProject
Project("{FAE04EC0-301F-11D3-BF4B-00C04F79EFBC}") = "TestBT", "TestBT\TestBT.csproj", "{3DEBDF91-8F66-4725-A936-4021847530A1}"
EndProject
Global
	GlobalSection(SolutionConfigurationPlatforms) = preSolution
		Debug|Any CPU = Debug|Any CPU
		Debug|x86 = Debug|x86
		Release|Any CPU = Release|Any CPU
		Release|x86 = Release|x86
	EndGlobalSection
	GlobalSection(ProjectConfigurationPlatforms) = postSolution
		{ADB02AFF-239E-4B37-B9F3-282D1503104E}.Debug|Any CPU.ActiveCfg = Debug|Any CPU
		{ADB02AFF-239E-4B37-B9F3-282D1503104E}.Debug|x86.ActiveCfg = Debug|x86
		{ADB02AFF-239E-4B37-B9F3-282D1503104E}.Debug|x86.Build.0 = Debug|x86
		{ADB02AFF-239E-4B37-B9F3-282D1503104E}.Release|Any CPU.ActiveCfg = Release|Any CPU
		{ADB02AFF-239E-4B37-B9F3-282D1503104E}.Release|Any CPU.Build.0 = Release|Any CPU
		{ADB02AFF-239E-4B37-B9F3-282D1503104E}.Release|x86.ActiveCfg = Release|x86
		{ADB02AFF-239E-4B37-B9F3-282D1503104E}.Release|x86.Build.0 = Release|x86
		{D5A0B6F2-F1BF-4C85-B7CD-9105A8198057}.Debug|Any CPU.ActiveCfg = Debug|Any CPU
		{D5A0B6F2-F1BF-4C85-B7CD-9105A8198057}.Debug|x86.ActiveCfg = Debug|Any CPU
		{D5A0B6F2-F1BF-4C85-B7CD-9105A8198057}.Debug|x86.Build.0 = Debug|Any CPU
		{D5A0B6F2-F1BF-4C85-B7CD-9105A8198057}.Release|Any CPU.ActiveCfg = Release|Any CPU
		{D5A0B6F2-F1BF-4C85-B7CD-9105A8198057}.Release|Any CPU.Build.0 = Release|Any CPU
		{D5A0B6F2-F1BF-4C85-B7CD-9105A8198057}.Release|x86.ActiveCfg = Release|Any CPU
		{D5A0B6F2-F1BF-4C85-B7CD-9105A8198057}.Release|x86.Build.0 = Release|Any CPU
		{C136AE1D-B74F-4D39-8E21-BF35DC602A40}.Debug|Any CPU.ActiveCfg = Debug|Any CPU
		{C136AE1D-B74F-4D39-8E21-BF35DC602A40}.Debug|x86.ActiveCfg = Debug|Any CPU
		{C136AE1D-B74F-4D39-8E21-BF35DC602A40}.Debug|x86.Build.0 = Debug|Any CPU
		{C136AE1D-B74F-4D39-8E21-BF35DC602A40}.Release|Any CPU.ActiveCfg = Release|Any CPU
		{C136AE1D-B74F-4D39-8E21-BF35DC602A40}.Release|Any CPU.Build.0 = Release|Any CPU
		{C136AE1D-B74F-4D39-8E21-BF35DC602A40}.Release|x86.ActiveCfg = Release|Any CPU
		{C136AE1D-B74F-4D39-8E21-BF35DC602A40}.Release|x86.Build.0 = Release|Any CPU
		{3DEBDF91-8F66-4725-A936-4021847530A1}.Debug|Any CPU.ActiveCfg = Debug|Any CPU
		{3DEBDF91-8F66-4725-A936-4021847530A1}.Debug|Any CPU.Build.0 = Debug|Any CPU
		{3DEBDF91-8F66-4725-A936-4021847530A1}.Debug|x86.ActiveCfg = Debug|Any CPU
		{3DEBDF91-8F66-4725-A936-4021847530A1}.Debug|x86.Build.0 = Debug|Any CPU
		{3DEBDF91-8F66-4725-A936-4021847530A1}.Release|Any CPU.ActiveCfg = Release|Any CPU
		{3DEBDF91-8F66-4725-A936-4021847530A1}.Release|Any CPU.Build.0 = Release|Any CPU
		{3DEBDF91-8F66-4725-A936-4021847530A1}.Release|x86.ActiveCfg = Release|Any CPU
		{3DEBDF91-8F66-4725-A936-4021847530A1}.Release|x86.Build.0 = Release|Any CPU
	EndGlobalSection
	GlobalSection(SolutionProperties) = preSolution
		HideSolutionNode = FALSE
	EndGlobalSection
	GlobalSection(ExtensibilityGlobals) = postSolution
		SolutionGuid = {B74E9B05-B9A5-421C-A0B8-436B3E2FC79F}
	EndGlobalSection
EndGlobal
